// !$*UTF8*$!
{
	archiveVersion = 1;
	classes = {
	};
	objectVersion = 55;
	objects = {

/* Begin PBXBuildFile section */
		10D26710288ED1ED0056339A /* TabBarController.swift in Sources */ = {isa = PBXBuildFile; fileRef = 10D2670F288ED1ED0056339A /* TabBarController.swift */; };
		3E04A7F52891136D0068DBAE /* OnboardingMainViewController.swift in Sources */ = {isa = PBXBuildFile; fileRef = 3E04A7F42891136D0068DBAE /* OnboardingMainViewController.swift */; };
		3E2F655F287FA0E600A27FA9 /* AppDelegate.swift in Sources */ = {isa = PBXBuildFile; fileRef = 3E2F655E287FA0E600A27FA9 /* AppDelegate.swift */; };
		3E2F6561287FA0E600A27FA9 /* SceneDelegate.swift in Sources */ = {isa = PBXBuildFile; fileRef = 3E2F6560287FA0E600A27FA9 /* SceneDelegate.swift */; };
		3E2F6566287FA0E600A27FA9 /* Main.storyboard in Resources */ = {isa = PBXBuildFile; fileRef = 3E2F6564287FA0E600A27FA9 /* Main.storyboard */; };
		3E2F6568287FA0E700A27FA9 /* Assets.xcassets in Resources */ = {isa = PBXBuildFile; fileRef = 3E2F6567287FA0E700A27FA9 /* Assets.xcassets */; };
		3E2F656B287FA0E700A27FA9 /* LaunchScreen.storyboard in Resources */ = {isa = PBXBuildFile; fileRef = 3E2F6569287FA0E700A27FA9 /* LaunchScreen.storyboard */; };
		3E2F6574287FA1C600A27FA9 /* .swiftlint.yml in Resources */ = {isa = PBXBuildFile; fileRef = 3E2F6573287FA1C600A27FA9 /* .swiftlint.yml */; };
		3EC0D9CB28801E9F00A98E73 /* MomInitViewController.swift in Sources */ = {isa = PBXBuildFile; fileRef = 3EC0D9CA28801E9F00A98E73 /* MomInitViewController.swift */; };
		3EC0D9CD2880FAD500A98E73 /* UITextfieldExtension.swift in Sources */ = {isa = PBXBuildFile; fileRef = 3EC0D9CC2880FAD500A98E73 /* UITextfieldExtension.swift */; };
		3ED6D20A289280B8008F1D93 /* DadInitViewController.swift in Sources */ = {isa = PBXBuildFile; fileRef = 3ED6D209289280B8008F1D93 /* DadInitViewController.swift */; };
		3ED6D21628936306008F1D93 /* AboutUsView.storyboard in Resources */ = {isa = PBXBuildFile; fileRef = 3ED6D21528936306008F1D93 /* AboutUsView.storyboard */; };
		3ED6D21828936316008F1D93 /* AboutUsViewController.swift in Sources */ = {isa = PBXBuildFile; fileRef = 3ED6D21728936316008F1D93 /* AboutUsViewController.swift */; };
		3ED6D21A289385D7008F1D93 /* AboutUsWebViewController.swift in Sources */ = {isa = PBXBuildFile; fileRef = 3ED6D219289385D7008F1D93 /* AboutUsWebViewController.swift */; };
		7B22167428912CCE00B14C5C /* MemoStoryboard.storyboard in Resources */ = {isa = PBXBuildFile; fileRef = 7B22167328912CCE00B14C5C /* MemoStoryboard.storyboard */; };
		7B2216762891452D00B14C5C /* MemoData.swift in Sources */ = {isa = PBXBuildFile; fileRef = 7B2216752891452D00B14C5C /* MemoData.swift */; };
		7B2216782891493500B14C5C /* MemoCell.swift in Sources */ = {isa = PBXBuildFile; fileRef = 7B2216772891493500B14C5C /* MemoCell.swift */; };
		7B22167A2891553100B14C5C /* MemoViewController.swift in Sources */ = {isa = PBXBuildFile; fileRef = 7B2216792891553100B14C5C /* MemoViewController.swift */; };
		7B22167E2896129A00B14C5C /* MemoDetailViewController.swift in Sources */ = {isa = PBXBuildFile; fileRef = 7B22167D2896129A00B14C5C /* MemoDetailViewController.swift */; };
		7B2E9C6C28806FE3006BE5C8 /* SettingViewController.swift in Sources */ = {isa = PBXBuildFile; fileRef = 7B2E9C6B28806FE3006BE5C8 /* SettingViewController.swift */; };
		7B2E9C6E288429B8006BE5C8 /* SettingPersonalDataCell.swift in Sources */ = {isa = PBXBuildFile; fileRef = 7B2E9C6D288429B8006BE5C8 /* SettingPersonalDataCell.swift */; };
		7B2E9C702884397B006BE5C8 /* SettingHeaderView.swift in Sources */ = {isa = PBXBuildFile; fileRef = 7B2E9C6F2884397B006BE5C8 /* SettingHeaderView.swift */; };
		7B2E9C722884FCF4006BE5C8 /* MainViewController.swift in Sources */ = {isa = PBXBuildFile; fileRef = 7B2E9C712884FCF4006BE5C8 /* MainViewController.swift */; };
		7B9B569A2887EE3700FF3DD1 /* ConfirmViewController.swift in Sources */ = {isa = PBXBuildFile; fileRef = 7B9B56992887EE3700FF3DD1 /* ConfirmViewController.swift */; };
		7BD2303E288E8B18002BB9F5 /* UIColor+Extension.swift in Sources */ = {isa = PBXBuildFile; fileRef = 7BD2303D288E8B18002BB9F5 /* UIColor+Extension.swift */; };
		A92FC8C7287FF3C000962CA0 /* OnboardingPageViewController.swift in Sources */ = {isa = PBXBuildFile; fileRef = A92FC8C6287FF3C000962CA0 /* OnboardingPageViewController.swift */; };
		A9332C77288E908F001A1B76 /* DateFormatting.swift in Sources */ = {isa = PBXBuildFile; fileRef = A9332C76288E908F001A1B76 /* DateFormatting.swift */; };
		A9B32A9228868F7100530B51 /* NotificationModalViewController.swift in Sources */ = {isa = PBXBuildFile; fileRef = A9B32A9128868F7100530B51 /* NotificationModalViewController.swift */; };
		A9B32A94288691EA00530B51 /* NotificationTime.swift in Sources */ = {isa = PBXBuildFile; fileRef = A9B32A93288691EA00530B51 /* NotificationTime.swift */; };
		A9CF7E652892D22700189E8B /* CallModelData.swift in Sources */ = {isa = PBXBuildFile; fileRef = A9CF7E642892D22700189E8B /* CallModelData.swift */; };
		B52841CB28922D7E004A2204 /* CallCheck.storyboard in Resources */ = {isa = PBXBuildFile; fileRef = B52841CA28922D7E004A2204 /* CallCheck.storyboard */; };
		B52841D128926DA7004A2204 /* CallCheckViewController.swift in Sources */ = {isa = PBXBuildFile; fileRef = B52841D028926DA7004A2204 /* CallCheckViewController.swift */; };
/* End PBXBuildFile section */

/* Begin PBXFileReference section */
		10D2670F288ED1ED0056339A /* TabBarController.swift */ = {isa = PBXFileReference; lastKnownFileType = sourcecode.swift; path = TabBarController.swift; sourceTree = "<group>"; };
		3E04A7F42891136D0068DBAE /* OnboardingMainViewController.swift */ = {isa = PBXFileReference; lastKnownFileType = sourcecode.swift; path = OnboardingMainViewController.swift; sourceTree = "<group>"; };
		3E2F655B287FA0E600A27FA9 /* TodayAnbu.app */ = {isa = PBXFileReference; explicitFileType = wrapper.application; includeInIndex = 0; path = TodayAnbu.app; sourceTree = BUILT_PRODUCTS_DIR; };
		3E2F655E287FA0E600A27FA9 /* AppDelegate.swift */ = {isa = PBXFileReference; lastKnownFileType = sourcecode.swift; path = AppDelegate.swift; sourceTree = "<group>"; };
		3E2F6560287FA0E600A27FA9 /* SceneDelegate.swift */ = {isa = PBXFileReference; lastKnownFileType = sourcecode.swift; path = SceneDelegate.swift; sourceTree = "<group>"; };
		3E2F6565287FA0E600A27FA9 /* Base */ = {isa = PBXFileReference; lastKnownFileType = file.storyboard; name = Base; path = Base.lproj/Main.storyboard; sourceTree = "<group>"; };
		3E2F6567287FA0E700A27FA9 /* Assets.xcassets */ = {isa = PBXFileReference; lastKnownFileType = folder.assetcatalog; path = Assets.xcassets; sourceTree = "<group>"; };
		3E2F656A287FA0E700A27FA9 /* Base */ = {isa = PBXFileReference; lastKnownFileType = file.storyboard; name = Base; path = Base.lproj/LaunchScreen.storyboard; sourceTree = "<group>"; };
		3E2F656C287FA0E700A27FA9 /* Info.plist */ = {isa = PBXFileReference; lastKnownFileType = text.plist.xml; path = Info.plist; sourceTree = "<group>"; };
		3E2F6573287FA1C600A27FA9 /* .swiftlint.yml */ = {isa = PBXFileReference; fileEncoding = 4; lastKnownFileType = text.yaml; path = .swiftlint.yml; sourceTree = SOURCE_ROOT; };
		3EC0D9CA28801E9F00A98E73 /* MomInitViewController.swift */ = {isa = PBXFileReference; lastKnownFileType = sourcecode.swift; path = MomInitViewController.swift; sourceTree = "<group>"; };
		3EC0D9CC2880FAD500A98E73 /* UITextfieldExtension.swift */ = {isa = PBXFileReference; lastKnownFileType = sourcecode.swift; path = UITextfieldExtension.swift; sourceTree = "<group>"; };
		3ED6D209289280B8008F1D93 /* DadInitViewController.swift */ = {isa = PBXFileReference; lastKnownFileType = sourcecode.swift; path = DadInitViewController.swift; sourceTree = "<group>"; };
		3ED6D21528936306008F1D93 /* AboutUsView.storyboard */ = {isa = PBXFileReference; lastKnownFileType = file.storyboard; path = AboutUsView.storyboard; sourceTree = "<group>"; };
		3ED6D21728936316008F1D93 /* AboutUsViewController.swift */ = {isa = PBXFileReference; lastKnownFileType = sourcecode.swift; path = AboutUsViewController.swift; sourceTree = "<group>"; };
		3ED6D219289385D7008F1D93 /* AboutUsWebViewController.swift */ = {isa = PBXFileReference; lastKnownFileType = sourcecode.swift; path = AboutUsWebViewController.swift; sourceTree = "<group>"; };
		7B22167328912CCE00B14C5C /* MemoStoryboard.storyboard */ = {isa = PBXFileReference; lastKnownFileType = file.storyboard; path = MemoStoryboard.storyboard; sourceTree = "<group>"; };
		7B2216752891452D00B14C5C /* MemoData.swift */ = {isa = PBXFileReference; lastKnownFileType = sourcecode.swift; path = MemoData.swift; sourceTree = "<group>"; };
		7B2216772891493500B14C5C /* MemoCell.swift */ = {isa = PBXFileReference; lastKnownFileType = sourcecode.swift; path = MemoCell.swift; sourceTree = "<group>"; usesTabs = 0; };
		7B2216792891553100B14C5C /* MemoViewController.swift */ = {isa = PBXFileReference; lastKnownFileType = sourcecode.swift; path = MemoViewController.swift; sourceTree = "<group>"; };
		7B22167D2896129A00B14C5C /* MemoDetailViewController.swift */ = {isa = PBXFileReference; lastKnownFileType = sourcecode.swift; path = MemoDetailViewController.swift; sourceTree = "<group>"; };
		7B2E9C6B28806FE3006BE5C8 /* SettingViewController.swift */ = {isa = PBXFileReference; lastKnownFileType = sourcecode.swift; path = SettingViewController.swift; sourceTree = "<group>"; };
		7B2E9C6D288429B8006BE5C8 /* SettingPersonalDataCell.swift */ = {isa = PBXFileReference; lastKnownFileType = sourcecode.swift; path = SettingPersonalDataCell.swift; sourceTree = "<group>"; };
		7B2E9C6F2884397B006BE5C8 /* SettingHeaderView.swift */ = {isa = PBXFileReference; lastKnownFileType = sourcecode.swift; path = SettingHeaderView.swift; sourceTree = "<group>"; };
		7B2E9C712884FCF4006BE5C8 /* MainViewController.swift */ = {isa = PBXFileReference; lastKnownFileType = sourcecode.swift; path = MainViewController.swift; sourceTree = "<group>"; };
		7B9B56992887EE3700FF3DD1 /* ConfirmViewController.swift */ = {isa = PBXFileReference; lastKnownFileType = sourcecode.swift; path = ConfirmViewController.swift; sourceTree = "<group>"; };
		7BD2303D288E8B18002BB9F5 /* UIColor+Extension.swift */ = {isa = PBXFileReference; lastKnownFileType = sourcecode.swift; path = "UIColor+Extension.swift"; sourceTree = "<group>"; };
		A92FC8C6287FF3C000962CA0 /* OnboardingPageViewController.swift */ = {isa = PBXFileReference; lastKnownFileType = sourcecode.swift; path = OnboardingPageViewController.swift; sourceTree = "<group>"; };
		A9332C76288E908F001A1B76 /* DateFormatting.swift */ = {isa = PBXFileReference; lastKnownFileType = sourcecode.swift; path = DateFormatting.swift; sourceTree = "<group>"; };
		A9B32A9128868F7100530B51 /* NotificationModalViewController.swift */ = {isa = PBXFileReference; lastKnownFileType = sourcecode.swift; path = NotificationModalViewController.swift; sourceTree = "<group>"; };
		A9B32A93288691EA00530B51 /* NotificationTime.swift */ = {isa = PBXFileReference; lastKnownFileType = sourcecode.swift; path = NotificationTime.swift; sourceTree = "<group>"; };
		A9CF7E642892D22700189E8B /* CallModelData.swift */ = {isa = PBXFileReference; lastKnownFileType = sourcecode.swift; path = CallModelData.swift; sourceTree = "<group>"; };
		B52841D028926DA7004A2204 /* CallCheckViewController.swift */ = {isa = PBXFileReference; lastKnownFileType = sourcecode.swift; path = CallCheckViewController.swift; sourceTree = "<group>"; };
/* End PBXFileReference section */

/* Begin PBXFrameworksBuildPhase section */
		3E2F6558287FA0E600A27FA9 /* Frameworks */ = {
			isa = PBXFrameworksBuildPhase;
			buildActionMask = 2147483647;
			files = (
			);
			runOnlyForDeploymentPostprocessing = 0;
		};
/* End PBXFrameworksBuildPhase section */

/* Begin PBXGroup section */
		103BD8EA287FB31600A6A0AD /* Extensions */ = {
			isa = PBXGroup;
			children = (
				3EC0D9CC2880FAD500A98E73 /* UITextfieldExtension.swift */,
				A9332C76288E908F001A1B76 /* DateFormatting.swift */,
				7BD2303D288E8B18002BB9F5 /* UIColor+Extension.swift */,
			);
			path = Extensions;
			sourceTree = "<group>";
		};
		103BD8EB287FB31C00A6A0AD /* Controllers */ = {
			isa = PBXGroup;
			children = (
				B52841D028926DA7004A2204 /* CallCheckViewController.swift */,
				3E04A7F42891136D0068DBAE /* OnboardingMainViewController.swift */,
				A92FC8C6287FF3C000962CA0 /* OnboardingPageViewController.swift */,
				A9B32A9128868F7100530B51 /* NotificationModalViewController.swift */,
				3EC0D9CA28801E9F00A98E73 /* MomInitViewController.swift */,
				3ED6D209289280B8008F1D93 /* DadInitViewController.swift */,
				7B2E9C712884FCF4006BE5C8 /* MainViewController.swift */,
				10D2670F288ED1ED0056339A /* TabBarController.swift */,
				7B2E9C6B28806FE3006BE5C8 /* SettingViewController.swift */,
				7B9B56992887EE3700FF3DD1 /* ConfirmViewController.swift */,
				7B2216792891553100B14C5C /* MemoViewController.swift */,
				7B22167D2896129A00B14C5C /* MemoDetailViewController.swift */,
				103BD8EE287FB38B00A6A0AD /* Utilities */,
				3ED6D21728936316008F1D93 /* AboutUsViewController.swift */,
				3ED6D219289385D7008F1D93 /* AboutUsWebViewController.swift */,
			);
			path = Controllers;
			sourceTree = "<group>";
		};
		103BD8EC287FB33800A6A0AD /* Resources */ = {
			isa = PBXGroup;
			children = (
				3E2F6567287FA0E700A27FA9 /* Assets.xcassets */,
			);
			path = Resources;
			sourceTree = "<group>";
		};
		103BD8ED287FB37600A6A0AD /* Sources */ = {
			isa = PBXGroup;
			children = (
				103BD8F0287FB3DB00A6A0AD /* Models */,
				3E2F6560287FA0E600A27FA9 /* SceneDelegate.swift */,
				3E2F655E287FA0E600A27FA9 /* AppDelegate.swift */,
				103BD8EF287FB39F00A6A0AD /* Boards */,
				103BD8EB287FB31C00A6A0AD /* Controllers */,
				103BD8EA287FB31600A6A0AD /* Extensions */,
			);
			path = Sources;
			sourceTree = "<group>";
		};
		103BD8EE287FB38B00A6A0AD /* Utilities */ = {
			isa = PBXGroup;
			children = (
			);
			path = Utilities;
			sourceTree = "<group>";
		};
		103BD8EF287FB39F00A6A0AD /* Boards */ = {
			isa = PBXGroup;
			children = (
				3E2F6564287FA0E600A27FA9 /* Main.storyboard */,
				3E2F6569287FA0E700A27FA9 /* LaunchScreen.storyboard */,
				7B22167328912CCE00B14C5C /* MemoStoryboard.storyboard */,
				3ED6D21528936306008F1D93 /* AboutUsView.storyboard */,
			);
			path = Boards;
			sourceTree = "<group>";
		};
		103BD8F0287FB3DB00A6A0AD /* Models */ = {
			isa = PBXGroup;
			children = (
				7B2E9C6D288429B8006BE5C8 /* SettingPersonalDataCell.swift */,
				7B2E9C6F2884397B006BE5C8 /* SettingHeaderView.swift */,
				A9B32A93288691EA00530B51 /* NotificationTime.swift */,
				A9CF7E642892D22700189E8B /* CallModelData.swift */,
				7B2216752891452D00B14C5C /* MemoData.swift */,
				7B2216772891493500B14C5C /* MemoCell.swift */,
			);
			path = Models;
			sourceTree = "<group>";
		};
		3E2F6552287FA0E600A27FA9 = {
			isa = PBXGroup;
			children = (
				3E2F655D287FA0E600A27FA9 /* TodayAnbu */,
				3E2F655C287FA0E600A27FA9 /* Products */,
			);
			sourceTree = "<group>";
		};
		3E2F655C287FA0E600A27FA9 /* Products */ = {
			isa = PBXGroup;
			children = (
				3E2F655B287FA0E600A27FA9 /* TodayAnbu.app */,
			);
			name = Products;
			sourceTree = "<group>";
		};
		3E2F655D287FA0E600A27FA9 /* TodayAnbu */ = {
			isa = PBXGroup;
			children = (
				103BD8ED287FB37600A6A0AD /* Sources */,
				103BD8EC287FB33800A6A0AD /* Resources */,
				3E2F6573287FA1C600A27FA9 /* .swiftlint.yml */,
				3E2F656C287FA0E700A27FA9 /* Info.plist */,
			);
			path = TodayAnbu;
			sourceTree = "<group>";
		};
/* End PBXGroup section */

/* Begin PBXNativeTarget section */
		3E2F655A287FA0E600A27FA9 /* TodayAnbu */ = {
			isa = PBXNativeTarget;
			buildConfigurationList = 3E2F656F287FA0E700A27FA9 /* Build configuration list for PBXNativeTarget "TodayAnbu" */;
			buildPhases = (
				3E2F6557287FA0E600A27FA9 /* Sources */,
				3E2F6558287FA0E600A27FA9 /* Frameworks */,
				3E2F6559287FA0E600A27FA9 /* Resources */,
				3E2F6572287FA10E00A27FA9 /* SwiftLint Script */,
			);
			buildRules = (
			);
			dependencies = (
			);
			name = TodayAnbu;
			productName = TodayAnbu;
			productReference = 3E2F655B287FA0E600A27FA9 /* TodayAnbu.app */;
			productType = "com.apple.product-type.application";
		};
/* End PBXNativeTarget section */

/* Begin PBXProject section */
		3E2F6553287FA0E600A27FA9 /* Project object */ = {
			isa = PBXProject;
			attributes = {
				BuildIndependentTargetsInParallel = 1;
				LastSwiftUpdateCheck = 1340;
				LastUpgradeCheck = 1340;
				TargetAttributes = {
					3E2F655A287FA0E600A27FA9 = {
						CreatedOnToolsVersion = 13.4.1;
					};
				};
			};
			buildConfigurationList = 3E2F6556287FA0E600A27FA9 /* Build configuration list for PBXProject "TodayAnbu" */;
			compatibilityVersion = "Xcode 13.0";
			developmentRegion = en;
			hasScannedForEncodings = 0;
			knownRegions = (
				en,
				Base,
			);
			mainGroup = 3E2F6552287FA0E600A27FA9;
			productRefGroup = 3E2F655C287FA0E600A27FA9 /* Products */;
			projectDirPath = "";
			projectRoot = "";
			targets = (
				3E2F655A287FA0E600A27FA9 /* TodayAnbu */,
			);
		};
/* End PBXProject section */

/* Begin PBXResourcesBuildPhase section */
		3E2F6559287FA0E600A27FA9 /* Resources */ = {
			isa = PBXResourcesBuildPhase;
			buildActionMask = 2147483647;
			files = (
				3E2F6574287FA1C600A27FA9 /* .swiftlint.yml in Resources */,
				3ED6D21628936306008F1D93 /* AboutUsView.storyboard in Resources */,
				3E2F656B287FA0E700A27FA9 /* LaunchScreen.storyboard in Resources */,
				3E2F6568287FA0E700A27FA9 /* Assets.xcassets in Resources */,
				3E2F6566287FA0E600A27FA9 /* Main.storyboard in Resources */,
				7B22167428912CCE00B14C5C /* MemoStoryboard.storyboard in Resources */,
			);
			runOnlyForDeploymentPostprocessing = 0;
		};
/* End PBXResourcesBuildPhase section */

/* Begin PBXShellScriptBuildPhase section */
		3E2F6572287FA10E00A27FA9 /* SwiftLint Script */ = {
			isa = PBXShellScriptBuildPhase;
			buildActionMask = 2147483647;
			files = (
			);
			inputFileListPaths = (
			);
			inputPaths = (
			);
			name = "SwiftLint Script";
			outputFileListPaths = (
			);
			outputPaths = (
			);
			runOnlyForDeploymentPostprocessing = 0;
			shellPath = /bin/sh;
			shellScript = "# Type a script or drag a script file from your workspace to insert its path.\nexport PATH=\"$PATH:/opt/homebrew/bin\"\n\nif which swiftlint >/dev/null; then\n  swiftlint\nelse\n  echo \"warning: SwiftLint not installed, download from https://github.com/realm/SwiftLint\"\nfi\n";
		};
/* End PBXShellScriptBuildPhase section */

/* Begin PBXSourcesBuildPhase section */
		3E2F6557287FA0E600A27FA9 /* Sources */ = {
			isa = PBXSourcesBuildPhase;
			buildActionMask = 2147483647;
			files = (
				7B2216782891493500B14C5C /* MemoCell.swift in Sources */,
				A92FC8C7287FF3C000962CA0 /* OnboardingPageViewController.swift in Sources */,
				7B2216762891452D00B14C5C /* MemoData.swift in Sources */,
				10D26710288ED1ED0056339A /* TabBarController.swift in Sources */,
				3ED6D21828936316008F1D93 /* AboutUsViewController.swift in Sources */,
				3ED6D21A289385D7008F1D93 /* AboutUsWebViewController.swift in Sources */,
				7B2E9C6E288429B8006BE5C8 /* SettingPersonalDataCell.swift in Sources */,
				7B2E9C702884397B006BE5C8 /* SettingHeaderView.swift in Sources */,
				3E04A7F52891136D0068DBAE /* OnboardingMainViewController.swift in Sources */,
				7B9B569A2887EE3700FF3DD1 /* ConfirmViewController.swift in Sources */,
				A9B32A94288691EA00530B51 /* NotificationTime.swift in Sources */,
				7B22167A2891553100B14C5C /* MemoViewController.swift in Sources */,
				3E2F655F287FA0E600A27FA9 /* AppDelegate.swift in Sources */,
				B52841D128926DA7004A2204 /* CallCheckViewController.swift in Sources */,
				7B2E9C722884FCF4006BE5C8 /* MainViewController.swift in Sources */,
				7BD2303E288E8B18002BB9F5 /* UIColor+Extension.swift in Sources */,
				3ED6D20A289280B8008F1D93 /* DadInitViewController.swift in Sources */,
				A9B32A9228868F7100530B51 /* NotificationModalViewController.swift in Sources */,
				3E2F6561287FA0E600A27FA9 /* SceneDelegate.swift in Sources */,
				3EC0D9CB28801E9F00A98E73 /* MomInitViewController.swift in Sources */,
				A9CF7E652892D22700189E8B /* CallModelData.swift in Sources */,
				7B22167E2896129A00B14C5C /* MemoDetailViewController.swift in Sources */,
				3EC0D9CB28801E9F00A98E73 /* MomInitViewController.swift in Sources */,
				3EC0D9CD2880FAD500A98E73 /* UITextfieldExtension.swift in Sources */,
				A9332C77288E908F001A1B76 /* DateFormatting.swift in Sources */,
				7B2E9C6C28806FE3006BE5C8 /* SettingViewController.swift in Sources */,
			);
			runOnlyForDeploymentPostprocessing = 0;
		};
/* End PBXSourcesBuildPhase section */

/* Begin PBXVariantGroup section */
		3E2F6564287FA0E600A27FA9 /* Main.storyboard */ = {
			isa = PBXVariantGroup;
			children = (
				3E2F6565287FA0E600A27FA9 /* Base */,
			);
			name = Main.storyboard;
			sourceTree = "<group>";
		};
		3E2F6569287FA0E700A27FA9 /* LaunchScreen.storyboard */ = {
			isa = PBXVariantGroup;
			children = (
				3E2F656A287FA0E700A27FA9 /* Base */,
			);
			name = LaunchScreen.storyboard;
			sourceTree = "<group>";
		};
/* End PBXVariantGroup section */

/* Begin XCBuildConfiguration section */
		3E2F656D287FA0E700A27FA9 /* Debug */ = {
			isa = XCBuildConfiguration;
			buildSettings = {
				ALWAYS_SEARCH_USER_PATHS = NO;
				CLANG_ANALYZER_NONNULL = YES;
				CLANG_ANALYZER_NUMBER_OBJECT_CONVERSION = YES_AGGRESSIVE;
				CLANG_CXX_LANGUAGE_STANDARD = "gnu++17";
				CLANG_ENABLE_MODULES = YES;
				CLANG_ENABLE_OBJC_ARC = YES;
				CLANG_ENABLE_OBJC_WEAK = YES;
				CLANG_WARN_BLOCK_CAPTURE_AUTORELEASING = YES;
				CLANG_WARN_BOOL_CONVERSION = YES;
				CLANG_WARN_COMMA = YES;
				CLANG_WARN_CONSTANT_CONVERSION = YES;
				CLANG_WARN_DEPRECATED_OBJC_IMPLEMENTATIONS = YES;
				CLANG_WARN_DIRECT_OBJC_ISA_USAGE = YES_ERROR;
				CLANG_WARN_DOCUMENTATION_COMMENTS = YES;
				CLANG_WARN_EMPTY_BODY = YES;
				CLANG_WARN_ENUM_CONVERSION = YES;
				CLANG_WARN_INFINITE_RECURSION = YES;
				CLANG_WARN_INT_CONVERSION = YES;
				CLANG_WARN_NON_LITERAL_NULL_CONVERSION = YES;
				CLANG_WARN_OBJC_IMPLICIT_RETAIN_SELF = YES;
				CLANG_WARN_OBJC_LITERAL_CONVERSION = YES;
				CLANG_WARN_OBJC_ROOT_CLASS = YES_ERROR;
				CLANG_WARN_QUOTED_INCLUDE_IN_FRAMEWORK_HEADER = YES;
				CLANG_WARN_RANGE_LOOP_ANALYSIS = YES;
				CLANG_WARN_STRICT_PROTOTYPES = YES;
				CLANG_WARN_SUSPICIOUS_MOVE = YES;
				CLANG_WARN_UNGUARDED_AVAILABILITY = YES_AGGRESSIVE;
				CLANG_WARN_UNREACHABLE_CODE = YES;
				CLANG_WARN__DUPLICATE_METHOD_MATCH = YES;
				COPY_PHASE_STRIP = NO;
				DEBUG_INFORMATION_FORMAT = dwarf;
				ENABLE_STRICT_OBJC_MSGSEND = YES;
				ENABLE_TESTABILITY = YES;
				GCC_C_LANGUAGE_STANDARD = gnu11;
				GCC_DYNAMIC_NO_PIC = NO;
				GCC_NO_COMMON_BLOCKS = YES;
				GCC_OPTIMIZATION_LEVEL = 0;
				GCC_PREPROCESSOR_DEFINITIONS = (
					"DEBUG=1",
					"$(inherited)",
				);
				GCC_WARN_64_TO_32_BIT_CONVERSION = YES;
				GCC_WARN_ABOUT_RETURN_TYPE = YES_ERROR;
				GCC_WARN_UNDECLARED_SELECTOR = YES;
				GCC_WARN_UNINITIALIZED_AUTOS = YES_AGGRESSIVE;
				GCC_WARN_UNUSED_FUNCTION = YES;
				GCC_WARN_UNUSED_VARIABLE = YES;
				IPHONEOS_DEPLOYMENT_TARGET = 15.5;
				MTL_ENABLE_DEBUG_INFO = INCLUDE_SOURCE;
				MTL_FAST_MATH = YES;
				ONLY_ACTIVE_ARCH = YES;
				SDKROOT = iphoneos;
				SWIFT_ACTIVE_COMPILATION_CONDITIONS = DEBUG;
				SWIFT_OPTIMIZATION_LEVEL = "-Onone";
			};
			name = Debug;
		};
		3E2F656E287FA0E700A27FA9 /* Release */ = {
			isa = XCBuildConfiguration;
			buildSettings = {
				ALWAYS_SEARCH_USER_PATHS = NO;
				CLANG_ANALYZER_NONNULL = YES;
				CLANG_ANALYZER_NUMBER_OBJECT_CONVERSION = YES_AGGRESSIVE;
				CLANG_CXX_LANGUAGE_STANDARD = "gnu++17";
				CLANG_ENABLE_MODULES = YES;
				CLANG_ENABLE_OBJC_ARC = YES;
				CLANG_ENABLE_OBJC_WEAK = YES;
				CLANG_WARN_BLOCK_CAPTURE_AUTORELEASING = YES;
				CLANG_WARN_BOOL_CONVERSION = YES;
				CLANG_WARN_COMMA = YES;
				CLANG_WARN_CONSTANT_CONVERSION = YES;
				CLANG_WARN_DEPRECATED_OBJC_IMPLEMENTATIONS = YES;
				CLANG_WARN_DIRECT_OBJC_ISA_USAGE = YES_ERROR;
				CLANG_WARN_DOCUMENTATION_COMMENTS = YES;
				CLANG_WARN_EMPTY_BODY = YES;
				CLANG_WARN_ENUM_CONVERSION = YES;
				CLANG_WARN_INFINITE_RECURSION = YES;
				CLANG_WARN_INT_CONVERSION = YES;
				CLANG_WARN_NON_LITERAL_NULL_CONVERSION = YES;
				CLANG_WARN_OBJC_IMPLICIT_RETAIN_SELF = YES;
				CLANG_WARN_OBJC_LITERAL_CONVERSION = YES;
				CLANG_WARN_OBJC_ROOT_CLASS = YES_ERROR;
				CLANG_WARN_QUOTED_INCLUDE_IN_FRAMEWORK_HEADER = YES;
				CLANG_WARN_RANGE_LOOP_ANALYSIS = YES;
				CLANG_WARN_STRICT_PROTOTYPES = YES;
				CLANG_WARN_SUSPICIOUS_MOVE = YES;
				CLANG_WARN_UNGUARDED_AVAILABILITY = YES_AGGRESSIVE;
				CLANG_WARN_UNREACHABLE_CODE = YES;
				CLANG_WARN__DUPLICATE_METHOD_MATCH = YES;
				COPY_PHASE_STRIP = NO;
				DEBUG_INFORMATION_FORMAT = "dwarf-with-dsym";
				ENABLE_NS_ASSERTIONS = NO;
				ENABLE_STRICT_OBJC_MSGSEND = YES;
				GCC_C_LANGUAGE_STANDARD = gnu11;
				GCC_NO_COMMON_BLOCKS = YES;
				GCC_WARN_64_TO_32_BIT_CONVERSION = YES;
				GCC_WARN_ABOUT_RETURN_TYPE = YES_ERROR;
				GCC_WARN_UNDECLARED_SELECTOR = YES;
				GCC_WARN_UNINITIALIZED_AUTOS = YES_AGGRESSIVE;
				GCC_WARN_UNUSED_FUNCTION = YES;
				GCC_WARN_UNUSED_VARIABLE = YES;
				IPHONEOS_DEPLOYMENT_TARGET = 15.5;
				MTL_ENABLE_DEBUG_INFO = NO;
				MTL_FAST_MATH = YES;
				SDKROOT = iphoneos;
				SWIFT_COMPILATION_MODE = wholemodule;
				SWIFT_OPTIMIZATION_LEVEL = "-O";
				VALIDATE_PRODUCT = YES;
			};
			name = Release;
		};
		3E2F6570287FA0E700A27FA9 /* Debug */ = {
			isa = XCBuildConfiguration;
			buildSettings = {
				ASSETCATALOG_COMPILER_APPICON_NAME = AppIcon;
				ASSETCATALOG_COMPILER_GLOBAL_ACCENT_COLOR_NAME = AccentColor;
				CODE_SIGN_IDENTITY = "Apple Development";
				CODE_SIGN_STYLE = Automatic;
				CURRENT_PROJECT_VERSION = 1;
				DEVELOPMENT_TEAM = YYP248S73Y;
				GENERATE_INFOPLIST_FILE = YES;
				INFOPLIST_FILE = TodayAnbu/Info.plist;
				INFOPLIST_KEY_UIApplicationSupportsIndirectInputEvents = YES;
				INFOPLIST_KEY_UILaunchStoryboardName = LaunchScreen;
				INFOPLIST_KEY_UIMainStoryboardFile = Main;
				INFOPLIST_KEY_UISupportedInterfaceOrientations_iPad = "UIInterfaceOrientationPortrait UIInterfaceOrientationPortraitUpsideDown UIInterfaceOrientationLandscapeLeft UIInterfaceOrientationLandscapeRight";
				INFOPLIST_KEY_UISupportedInterfaceOrientations_iPhone = "UIInterfaceOrientationPortrait UIInterfaceOrientationLandscapeLeft UIInterfaceOrientationLandscapeRight";
				LD_RUNPATH_SEARCH_PATHS = (
					"$(inherited)",
					"@executable_path/Frameworks",
				);
				MARKETING_VERSION = 1.0;
				PRODUCT_BUNDLE_IDENTIFIER = com.hakenluluco.TodayAnbu;
				PRODUCT_NAME = "$(TARGET_NAME)";
				PROVISIONING_PROFILE_SPECIFIER = "";
				SWIFT_EMIT_LOC_STRINGS = YES;
				SWIFT_VERSION = 5.0;
				TARGETED_DEVICE_FAMILY = "1,2";
			};
			name = Debug;
		};
		3E2F6571287FA0E700A27FA9 /* Release */ = {
			isa = XCBuildConfiguration;
			buildSettings = {
				ASSETCATALOG_COMPILER_APPICON_NAME = AppIcon;
				ASSETCATALOG_COMPILER_GLOBAL_ACCENT_COLOR_NAME = AccentColor;
				CODE_SIGN_IDENTITY = "Apple Development";
				CODE_SIGN_STYLE = Automatic;
				CURRENT_PROJECT_VERSION = 1;
				DEVELOPMENT_TEAM = YYP248S73Y;
				GENERATE_INFOPLIST_FILE = YES;
				INFOPLIST_FILE = TodayAnbu/Info.plist;
				INFOPLIST_KEY_UIApplicationSupportsIndirectInputEvents = YES;
				INFOPLIST_KEY_UILaunchStoryboardName = LaunchScreen;
				INFOPLIST_KEY_UIMainStoryboardFile = Main;
				INFOPLIST_KEY_UISupportedInterfaceOrientations_iPad = "UIInterfaceOrientationPortrait UIInterfaceOrientationPortraitUpsideDown UIInterfaceOrientationLandscapeLeft UIInterfaceOrientationLandscapeRight";
				INFOPLIST_KEY_UISupportedInterfaceOrientations_iPhone = "UIInterfaceOrientationPortrait UIInterfaceOrientationLandscapeLeft UIInterfaceOrientationLandscapeRight";
				LD_RUNPATH_SEARCH_PATHS = (
					"$(inherited)",
					"@executable_path/Frameworks",
				);
				MARKETING_VERSION = 1.0;
				PRODUCT_BUNDLE_IDENTIFIER = com.hakenluluco.TodayAnbu;
				PRODUCT_NAME = "$(TARGET_NAME)";
				PROVISIONING_PROFILE_SPECIFIER = "";
				SWIFT_EMIT_LOC_STRINGS = YES;
				SWIFT_VERSION = 5.0;
				TARGETED_DEVICE_FAMILY = "1,2";
			};
			name = Release;
		};
/* End XCBuildConfiguration section */

/* Begin XCConfigurationList section */
		3E2F6556287FA0E600A27FA9 /* Build configuration list for PBXProject "TodayAnbu" */ = {
			isa = XCConfigurationList;
			buildConfigurations = (
				3E2F656D287FA0E700A27FA9 /* Debug */,
				3E2F656E287FA0E700A27FA9 /* Release */,
			);
			defaultConfigurationIsVisible = 0;
			defaultConfigurationName = Release;
		};
		3E2F656F287FA0E700A27FA9 /* Build configuration list for PBXNativeTarget "TodayAnbu" */ = {
			isa = XCConfigurationList;
			buildConfigurations = (
				3E2F6570287FA0E700A27FA9 /* Debug */,
				3E2F6571287FA0E700A27FA9 /* Release */,
			);
			defaultConfigurationIsVisible = 0;
			defaultConfigurationName = Release;
		};
/* End XCConfigurationList section */
	};
	rootObject = 3E2F6553287FA0E600A27FA9 /* Project object */;
}
